
Microsoft Visual Studio Solution File, Format Version 12.00
# Visual Studio 14
VisualStudioVersion = 14.0.23107.0
MinimumVisualStudioVersion = 10.0.40219.1
Project("{8BC9CEB8-8B4A-11D0-8D11-00A0C91BC942}") = "01-BaseApp", "01-BaseApp\01-BaseApp.vcxproj", "{13C9BB1D-DD35-44F9-A079-F21832CE3792}"
	ProjectSection(ProjectDependencies) = postProject
		{680EF47A-9A39-4976-9796-6F6229ABE22E} = {680EF47A-9A39-4976-9796-6F6229ABE22E}
		{EAA2258B-9FE1-4F90-BB91-884B20CA243E} = {EAA2258B-9FE1-4F90-BB91-884B20CA243E}
	EndProjectSection
EndProject
Project("{8BC9CEB8-8B4A-11D0-8D11-00A0C91BC942}") = "02-SimpleText", "02-SimpleText\02-SimpleText.vcxproj", "{85E1A421-E30D-4661-A3FA-22A698EB1905}"
	ProjectSection(ProjectDependencies) = postProject
		{680EF47A-9A39-4976-9796-6F6229ABE22E} = {680EF47A-9A39-4976-9796-6F6229ABE22E}
		{EAA2258B-9FE1-4F90-BB91-884B20CA243E} = {EAA2258B-9FE1-4F90-BB91-884B20CA243E}
	EndProjectSection
EndProject
Project("{8BC9CEB8-8B4A-11D0-8D11-00A0C91BC942}") = "03-MeshDevApp", "03-MeshDevApp\03-MeshDevApp.vcxproj", "{BD341217-CF78-4819-B937-3FD3C71488D0}"
	ProjectSection(ProjectDependencies) = postProject
		{65B2A532-D316-4808-8611-BA2EC74E83D9} = {65B2A532-D316-4808-8611-BA2EC74E83D9}
		{680EF47A-9A39-4976-9796-6F6229ABE22E} = {680EF47A-9A39-4976-9796-6F6229ABE22E}
		{EAA2258B-9FE1-4F90-BB91-884B20CA243E} = {EAA2258B-9FE1-4F90-BB91-884B20CA243E}
	EndProjectSection
EndProject
Project("{8BC9CEB8-8B4A-11D0-8D11-00A0C91BC942}") = "Utils", "..\..\Libs\vs_2015\Utils\Utils.vcxproj", "{EAA2258B-9FE1-4F90-BB91-884B20CA243E}"
EndProject
Project("{8BC9CEB8-8B4A-11D0-8D11-00A0C91BC942}") = "Math", "..\..\Libs\vs_2015\Math\Math.vcxproj", "{65B2A532-D316-4808-8611-BA2EC74E83D9}"
EndProject
Project("{8BC9CEB8-8B4A-11D0-8D11-00A0C91BC942}") = "ImageIO", "..\..\Libs\vs_2015\ImageIO\ImageIO.vcxproj", "{BFE49B78-6AD0-4D0A-9D56-4AA3F67C896A}"
	ProjectSection(ProjectDependencies) = postProject
		{787FA84B-902B-4271-84DD-55E89CA9EC03} = {787FA84B-902B-4271-84DD-55E89CA9EC03}
		{09A1D070-F5A5-4FC6-BC67-0E1535641831} = {09A1D070-F5A5-4FC6-BC67-0E1535641831}
	EndProjectSection
EndProject
Project("{8BC9CEB8-8B4A-11D0-8D11-00A0C91BC942}") = "GLRender", "..\..\Libs\vs_2015\GLRender\GLRender.vcxproj", "{680EF47A-9A39-4976-9796-6F6229ABE22E}"
EndProject
Project("{8BC9CEB8-8B4A-11D0-8D11-00A0C91BC942}") = "zlib", "..\..\External\zlib\zlib.vcxproj", "{88CC13D8-F669-4852-8CD2-1B15B2A3390B}"
EndProject
Project("{8BC9CEB8-8B4A-11D0-8D11-00A0C91BC942}") = "libpng", "..\..\External\libpng\libpng.vcxproj", "{787FA84B-902B-4271-84DD-55E89CA9EC03}"
	ProjectSection(ProjectDependencies) = postProject
		{88CC13D8-F669-4852-8CD2-1B15B2A3390B} = {88CC13D8-F669-4852-8CD2-1B15B2A3390B}
	EndProjectSection
EndProject
Project("{8BC9CEB8-8B4A-11D0-8D11-00A0C91BC942}") = "libjpeg", "..\..\External\libjpeg\libjpeg.vcxproj", "{09A1D070-F5A5-4FC6-BC67-0E1535641831}"
EndProject
Global
	GlobalSection(SolutionConfigurationPlatforms) = preSolution
		Debug|x64 = Debug|x64
		Debug|x86 = Debug|x86
		Release|x64 = Release|x64
		Release|x86 = Release|x86
	EndGlobalSection
	GlobalSection(ProjectConfigurationPlatforms) = postSolution
		{13C9BB1D-DD35-44F9-A079-F21832CE3792}.Debug|x64.ActiveCfg = Debug|x64
		{13C9BB1D-DD35-44F9-A079-F21832CE3792}.Debug|x64.Build.0 = Debug|x64
		{13C9BB1D-DD35-44F9-A079-F21832CE3792}.Debug|x86.ActiveCfg = Debug|Win32
		{13C9BB1D-DD35-44F9-A079-F21832CE3792}.Debug|x86.Build.0 = Debug|Win32
		{13C9BB1D-DD35-44F9-A079-F21832CE3792}.Release|x64.ActiveCfg = Release|x64
		{13C9BB1D-DD35-44F9-A079-F21832CE3792}.Release|x64.Build.0 = Release|x64
		{13C9BB1D-DD35-44F9-A079-F21832CE3792}.Release|x86.ActiveCfg = Release|Win32
		{13C9BB1D-DD35-44F9-A079-F21832CE3792}.Release|x86.Build.0 = Release|Win32
		{85E1A421-E30D-4661-A3FA-22A698EB1905}.Debug|x64.ActiveCfg = Debug|x64
		{85E1A421-E30D-4661-A3FA-22A698EB1905}.Debug|x64.Build.0 = Debug|x64
		{85E1A421-E30D-4661-A3FA-22A698EB1905}.Debug|x86.ActiveCfg = Debug|Win32
		{85E1A421-E30D-4661-A3FA-22A698EB1905}.Debug|x86.Build.0 = Debug|Win32
		{85E1A421-E30D-4661-A3FA-22A698EB1905}.Release|x64.ActiveCfg = Release|x64
		{85E1A421-E30D-4661-A3FA-22A698EB1905}.Release|x64.Build.0 = Release|x64
		{85E1A421-E30D-4661-A3FA-22A698EB1905}.Release|x86.ActiveCfg = Release|Win32
		{85E1A421-E30D-4661-A3FA-22A698EB1905}.Release|x86.Build.0 = Release|Win32
		{BD341217-CF78-4819-B937-3FD3C71488D0}.Debug|x64.ActiveCfg = Debug|x64
		{BD341217-CF78-4819-B937-3FD3C71488D0}.Debug|x64.Build.0 = Debug|x64
		{BD341217-CF78-4819-B937-3FD3C71488D0}.Debug|x86.ActiveCfg = Debug|Win32
		{BD341217-CF78-4819-B937-3FD3C71488D0}.Debug|x86.Build.0 = Debug|Win32
		{BD341217-CF78-4819-B937-3FD3C71488D0}.Release|x64.ActiveCfg = Release|x64
		{BD341217-CF78-4819-B937-3FD3C71488D0}.Release|x64.Build.0 = Release|x64
		{BD341217-CF78-4819-B937-3FD3C71488D0}.Release|x86.ActiveCfg = Release|Win32
		{BD341217-CF78-4819-B937-3FD3C71488D0}.Release|x86.Build.0 = Release|Win32
		{EAA2258B-9FE1-4F90-BB91-884B20CA243E}.Debug|x64.ActiveCfg = Debug|x64
		{EAA2258B-9FE1-4F90-BB91-884B20CA243E}.Debug|x64.Build.0 = Debug|x64
		{EAA2258B-9FE1-4F90-BB91-884B20CA243E}.Debug|x86.ActiveCfg = Debug|Win32
		{EAA2258B-9FE1-4F90-BB91-884B20CA243E}.Debug|x86.Build.0 = Debug|Win32
		{EAA2258B-9FE1-4F90-BB91-884B20CA243E}.Release|x64.ActiveCfg = Release|x64
		{EAA2258B-9FE1-4F90-BB91-884B20CA243E}.Release|x64.Build.0 = Release|x64
		{EAA2258B-9FE1-4F90-BB91-884B20CA243E}.Release|x86.ActiveCfg = Release|Win32
		{EAA2258B-9FE1-4F90-BB91-884B20CA243E}.Release|x86.Build.0 = Release|Win32
		{65B2A532-D316-4808-8611-BA2EC74E83D9}.Debug|x64.ActiveCfg = Debug|x64
		{65B2A532-D316-4808-8611-BA2EC74E83D9}.Debug|x64.Build.0 = Debug|x64
		{65B2A532-D316-4808-8611-BA2EC74E83D9}.Debug|x86.ActiveCfg = Debug|Win32
		{65B2A532-D316-4808-8611-BA2EC74E83D9}.Debug|x86.Build.0 = Debug|Win32
		{65B2A532-D316-4808-8611-BA2EC74E83D9}.Release|x64.ActiveCfg = Release|x64
		{65B2A532-D316-4808-8611-BA2EC74E83D9}.Release|x64.Build.0 = Release|x64
		{65B2A532-D316-4808-8611-BA2EC74E83D9}.Release|x86.ActiveCfg = Release|Win32
		{65B2A532-D316-4808-8611-BA2EC74E83D9}.Release|x86.Build.0 = Release|Win32
		{BFE49B78-6AD0-4D0A-9D56-4AA3F67C896A}.Debug|x64.ActiveCfg = Debug|x64
		{BFE49B78-6AD0-4D0A-9D56-4AA3F67C896A}.Debug|x64.Build.0 = Debug|x64
		{BFE49B78-6AD0-4D0A-9D56-4AA3F67C896A}.Debug|x86.ActiveCfg = Debug|Win32
		{BFE49B78-6AD0-4D0A-9D56-4AA3F67C896A}.Debug|x86.Build.0 = Debug|Win32
		{BFE49B78-6AD0-4D0A-9D56-4AA3F67C896A}.Release|x64.ActiveCfg = Release|x64
		{BFE49B78-6AD0-4D0A-9D56-4AA3F67C896A}.Release|x64.Build.0 = Release|x64
		{BFE49B78-6AD0-4D0A-9D56-4AA3F67C896A}.Release|x86.ActiveCfg = Release|Win32
		{BFE49B78-6AD0-4D0A-9D56-4AA3F67C896A}.Release|x86.Build.0 = Release|Win32
		{680EF47A-9A39-4976-9796-6F6229ABE22E}.Debug|x64.ActiveCfg = Debug|x64
		{680EF47A-9A39-4976-9796-6F6229ABE22E}.Debug|x64.Build.0 = Debug|x64
		{680EF47A-9A39-4976-9796-6F6229ABE22E}.Debug|x86.ActiveCfg = Debug|Win32
		{680EF47A-9A39-4976-9796-6F6229ABE22E}.Debug|x86.Build.0 = Debug|Win32
		{680EF47A-9A39-4976-9796-6F6229ABE22E}.Release|x64.ActiveCfg = Release|x64
		{680EF47A-9A39-4976-9796-6F6229ABE22E}.Release|x64.Build.0 = Release|x64
		{680EF47A-9A39-4976-9796-6F6229ABE22E}.Release|x86.ActiveCfg = Release|Win32
		{680EF47A-9A39-4976-9796-6F6229ABE22E}.Release|x86.Build.0 = Release|Win32
		{88CC13D8-F669-4852-8CD2-1B15B2A3390B}.Debug|x64.ActiveCfg = Debug|x64
		{88CC13D8-F669-4852-8CD2-1B15B2A3390B}.Debug|x64.Build.0 = Debug|x64
		{88CC13D8-F669-4852-8CD2-1B15B2A3390B}.Debug|x86.ActiveCfg = Debug|Win32
		{88CC13D8-F669-4852-8CD2-1B15B2A3390B}.Debug|x86.Build.0 = Debug|Win32
		{88CC13D8-F669-4852-8CD2-1B15B2A3390B}.Release|x64.ActiveCfg = Release|x64
		{88CC13D8-F669-4852-8CD2-1B15B2A3390B}.Release|x64.Build.0 = Release|x64
		{88CC13D8-F669-4852-8CD2-1B15B2A3390B}.Release|x86.ActiveCfg = Release|Win32
		{88CC13D8-F669-4852-8CD2-1B15B2A3390B}.Release|x86.Build.0 = Release|Win32
		{787FA84B-902B-4271-84DD-55E89CA9EC03}.Debug|x64.ActiveCfg = Debug|x64
		{787FA84B-902B-4271-84DD-55E89CA9EC03}.Debug|x64.Build.0 = Debug|x64
		{787FA84B-902B-4271-84DD-55E89CA9EC03}.Debug|x86.ActiveCfg = Debug|Win32
		{787FA84B-902B-4271-84DD-55E89CA9EC03}.Debug|x86.Build.0 = Debug|Win32
		{787FA84B-902B-4271-84DD-55E89CA9EC03}.Release|x64.ActiveCfg = Release|x64
		{787FA84B-902B-4271-84DD-55E89CA9EC03}.Release|x64.Build.0 = Release|x64
		{787FA84B-902B-4271-84DD-55E89CA9EC03}.Release|x86.ActiveCfg = Release|Win32
		{787FA84B-902B-4271-84DD-55E89CA9EC03}.Release|x86.Build.0 = Release|Win32
		{09A1D070-F5A5-4FC6-BC67-0E1535641831}.Debug|x64.ActiveCfg = Debug|x64
		{09A1D070-F5A5-4FC6-BC67-0E1535641831}.Debug|x64.Build.0 = Debug|x64
		{09A1D070-F5A5-4FC6-BC67-0E1535641831}.Debug|x86.ActiveCfg = Debug|Win32
		{09A1D070-F5A5-4FC6-BC67-0E1535641831}.Debug|x86.Build.0 = Debug|Win32
		{09A1D070-F5A5-4FC6-BC67-0E1535641831}.Release|x64.ActiveCfg = Release|x64
		{09A1D070-F5A5-4FC6-BC67-0E1535641831}.Release|x64.Build.0 = Release|x64
		{09A1D070-F5A5-4FC6-BC67-0E1535641831}.Release|x86.ActiveCfg = Release|Win32
		{09A1D070-F5A5-4FC6-BC67-0E1535641831}.Release|x86.Build.0 = Release|Win32
	EndGlobalSection
	GlobalSection(SolutionProperties) = preSolution
		HideSolutionNode = FALSE
	EndGlobalSection
EndGlobal
