
Microsoft Visual Studio Solution File, Format Version 10.00
# Visual Studio 2008
Project("{8BC9CEB8-8B4A-11D0-8D11-00A0C91BC942}") = "01-BaseApp", "01-BaseApp\01-BaseApp.vcproj", "{D2FC671C-8558-4244-B0F5-FE91105910E1}"
	ProjectSection(ProjectDependencies) = postProject
		{33E3A743-94B1-455A-A8A0-6409EA0EB4F4} = {33E3A743-94B1-455A-A8A0-6409EA0EB4F4}
		{DF58CC8C-CD70-476B-9A2E-4D7E6F5F4FFF} = {DF58CC8C-CD70-476B-9A2E-4D7E6F5F4FFF}
	EndProjectSection
EndProject
Project("{8BC9CEB8-8B4A-11D0-8D11-00A0C91BC942}") = "02-SimpleText", "02-SimpleText\02-SimpleText.vcproj", "{A5E63A57-99B8-4E98-AC74-1EB2A2BB3E97}"
	ProjectSection(ProjectDependencies) = postProject
		{33E3A743-94B1-455A-A8A0-6409EA0EB4F4} = {33E3A743-94B1-455A-A8A0-6409EA0EB4F4}
		{DF58CC8C-CD70-476B-9A2E-4D7E6F5F4FFF} = {DF58CC8C-CD70-476B-9A2E-4D7E6F5F4FFF}
	EndProjectSection
EndProject
Project("{8BC9CEB8-8B4A-11D0-8D11-00A0C91BC942}") = "03-MeshDevApp", "03-MeshDevApp\03-MeshDevApp.vcproj", "{8FF83CD3-3323-4861-9CF1-F2021D255C13}"
	ProjectSection(ProjectDependencies) = postProject
		{DFA8C917-95C6-4765-8E15-5A6D51CB14DA} = {DFA8C917-95C6-4765-8E15-5A6D51CB14DA}
		{33E3A743-94B1-455A-A8A0-6409EA0EB4F4} = {33E3A743-94B1-455A-A8A0-6409EA0EB4F4}
		{DF58CC8C-CD70-476B-9A2E-4D7E6F5F4FFF} = {DF58CC8C-CD70-476B-9A2E-4D7E6F5F4FFF}
	EndProjectSection
EndProject
Project("{8BC9CEB8-8B4A-11D0-8D11-00A0C91BC942}") = "GLRender", "..\..\Libs\vs_2008\GLRender\GLRender.vcproj", "{33E3A743-94B1-455A-A8A0-6409EA0EB4F4}"
EndProject
Project("{8BC9CEB8-8B4A-11D0-8D11-00A0C91BC942}") = "ImageIO", "..\..\Libs\vs_2008\ImageIO\ImageIO.vcproj", "{84163C69-3BB2-415B-A9CC-DD7812E5C863}"
	ProjectSection(ProjectDependencies) = postProject
		{7828D663-B03B-4F44-8CB6-5856D313A5ED} = {7828D663-B03B-4F44-8CB6-5856D313A5ED}
		{DF58CC8C-CD70-476B-9A2E-4D7E6F5F4FFF} = {DF58CC8C-CD70-476B-9A2E-4D7E6F5F4FFF}
		{3759E1DE-0C05-4C97-9498-3DDA0C66B8A2} = {3759E1DE-0C05-4C97-9498-3DDA0C66B8A2}
	EndProjectSection
EndProject
Project("{8BC9CEB8-8B4A-11D0-8D11-00A0C91BC942}") = "Utils", "..\..\Libs\vs_2008\Utils\Utils.vcproj", "{DF58CC8C-CD70-476B-9A2E-4D7E6F5F4FFF}"
EndProject
Project("{8BC9CEB8-8B4A-11D0-8D11-00A0C91BC942}") = "Math", "..\..\Libs\vs_2008\Math\Math.vcproj", "{DFA8C917-95C6-4765-8E15-5A6D51CB14DA}"
EndProject
Project("{8BC9CEB8-8B4A-11D0-8D11-00A0C91BC942}") = "zlib", "..\..\External\zlib\zlib.vcproj", "{8FB5D480-1048-4BC5-AA59-66DF109AD0F5}"
EndProject
Project("{8BC9CEB8-8B4A-11D0-8D11-00A0C91BC942}") = "libpng", "..\..\External\libpng\libpng.vcproj", "{7828D663-B03B-4F44-8CB6-5856D313A5ED}"
	ProjectSection(ProjectDependencies) = postProject
		{8FB5D480-1048-4BC5-AA59-66DF109AD0F5} = {8FB5D480-1048-4BC5-AA59-66DF109AD0F5}
	EndProjectSection
EndProject
Project("{8BC9CEB8-8B4A-11D0-8D11-00A0C91BC942}") = "libjpeg", "..\..\External\libjpeg\libjpeg.vcproj", "{3759E1DE-0C05-4C97-9498-3DDA0C66B8A2}"
EndProject
Global
	GlobalSection(SolutionConfigurationPlatforms) = preSolution
		Debug|Win32 = Debug|Win32
		Release|Win32 = Release|Win32
	EndGlobalSection
	GlobalSection(ProjectConfigurationPlatforms) = postSolution
		{D2FC671C-8558-4244-B0F5-FE91105910E1}.Debug|Win32.ActiveCfg = Debug|Win32
		{D2FC671C-8558-4244-B0F5-FE91105910E1}.Debug|Win32.Build.0 = Debug|Win32
		{D2FC671C-8558-4244-B0F5-FE91105910E1}.Release|Win32.ActiveCfg = Release|Win32
		{D2FC671C-8558-4244-B0F5-FE91105910E1}.Release|Win32.Build.0 = Release|Win32
		{A5E63A57-99B8-4E98-AC74-1EB2A2BB3E97}.Debug|Win32.ActiveCfg = Debug|Win32
		{A5E63A57-99B8-4E98-AC74-1EB2A2BB3E97}.Debug|Win32.Build.0 = Debug|Win32
		{A5E63A57-99B8-4E98-AC74-1EB2A2BB3E97}.Release|Win32.ActiveCfg = Release|Win32
		{A5E63A57-99B8-4E98-AC74-1EB2A2BB3E97}.Release|Win32.Build.0 = Release|Win32
		{8FF83CD3-3323-4861-9CF1-F2021D255C13}.Debug|Win32.ActiveCfg = Debug|Win32
		{8FF83CD3-3323-4861-9CF1-F2021D255C13}.Debug|Win32.Build.0 = Debug|Win32
		{8FF83CD3-3323-4861-9CF1-F2021D255C13}.Release|Win32.ActiveCfg = Release|Win32
		{8FF83CD3-3323-4861-9CF1-F2021D255C13}.Release|Win32.Build.0 = Release|Win32
		{33E3A743-94B1-455A-A8A0-6409EA0EB4F4}.Debug|Win32.ActiveCfg = Debug|Win32
		{33E3A743-94B1-455A-A8A0-6409EA0EB4F4}.Debug|Win32.Build.0 = Debug|Win32
		{33E3A743-94B1-455A-A8A0-6409EA0EB4F4}.Release|Win32.ActiveCfg = Release|Win32
		{33E3A743-94B1-455A-A8A0-6409EA0EB4F4}.Release|Win32.Build.0 = Release|Win32
		{84163C69-3BB2-415B-A9CC-DD7812E5C863}.Debug|Win32.ActiveCfg = Debug|Win32
		{84163C69-3BB2-415B-A9CC-DD7812E5C863}.Debug|Win32.Build.0 = Debug|Win32
		{84163C69-3BB2-415B-A9CC-DD7812E5C863}.Release|Win32.ActiveCfg = Release|Win32
		{84163C69-3BB2-415B-A9CC-DD7812E5C863}.Release|Win32.Build.0 = Release|Win32
		{DF58CC8C-CD70-476B-9A2E-4D7E6F5F4FFF}.Debug|Win32.ActiveCfg = Debug|Win32
		{DF58CC8C-CD70-476B-9A2E-4D7E6F5F4FFF}.Debug|Win32.Build.0 = Debug|Win32
		{DF58CC8C-CD70-476B-9A2E-4D7E6F5F4FFF}.Release|Win32.ActiveCfg = Release|Win32
		{DF58CC8C-CD70-476B-9A2E-4D7E6F5F4FFF}.Release|Win32.Build.0 = Release|Win32
		{DFA8C917-95C6-4765-8E15-5A6D51CB14DA}.Debug|Win32.ActiveCfg = Debug|Win32
		{DFA8C917-95C6-4765-8E15-5A6D51CB14DA}.Debug|Win32.Build.0 = Debug|Win32
		{DFA8C917-95C6-4765-8E15-5A6D51CB14DA}.Release|Win32.ActiveCfg = Release|Win32
		{DFA8C917-95C6-4765-8E15-5A6D51CB14DA}.Release|Win32.Build.0 = Release|Win32
		{8FB5D480-1048-4BC5-AA59-66DF109AD0F5}.Debug|Win32.ActiveCfg = Debug|Win32
		{8FB5D480-1048-4BC5-AA59-66DF109AD0F5}.Debug|Win32.Build.0 = Debug|Win32
		{8FB5D480-1048-4BC5-AA59-66DF109AD0F5}.Release|Win32.ActiveCfg = Release|Win32
		{8FB5D480-1048-4BC5-AA59-66DF109AD0F5}.Release|Win32.Build.0 = Release|Win32
		{7828D663-B03B-4F44-8CB6-5856D313A5ED}.Debug|Win32.ActiveCfg = Debug|Win32
		{7828D663-B03B-4F44-8CB6-5856D313A5ED}.Debug|Win32.Build.0 = Debug|Win32
		{7828D663-B03B-4F44-8CB6-5856D313A5ED}.Release|Win32.ActiveCfg = Release|Win32
		{7828D663-B03B-4F44-8CB6-5856D313A5ED}.Release|Win32.Build.0 = Release|Win32
		{3759E1DE-0C05-4C97-9498-3DDA0C66B8A2}.Debug|Win32.ActiveCfg = Debug|Win32
		{3759E1DE-0C05-4C97-9498-3DDA0C66B8A2}.Debug|Win32.Build.0 = Debug|Win32
		{3759E1DE-0C05-4C97-9498-3DDA0C66B8A2}.Release|Win32.ActiveCfg = Release|Win32
		{3759E1DE-0C05-4C97-9498-3DDA0C66B8A2}.Release|Win32.Build.0 = Release|Win32
	EndGlobalSection
	GlobalSection(SolutionProperties) = preSolution
		HideSolutionNode = FALSE
	EndGlobalSection
EndGlobal
